
Microsoft Visual Studio Solution File, Format Version 12.00
# Visual Studio 15
VisualStudioVersion = 15.0.28307.705
MinimumVisualStudioVersion = 10.0.40219.1
Project("{FAE04EC0-301F-11D3-BF4B-00C04F79EFBC}") = "Travel_Planner_WebAPP", "Travel_Planner_WebAPP\Travel_Planner_WebAPP.csproj", "{F0B3D116-0B7E-46FD-9BEC-B43D1E1FD6E0}"
EndProject
Global
	GlobalSection(SolutionConfigurationPlatforms) = preSolution
		Debug|Any CPU = Debug|Any CPU
		Release|Any CPU = Release|Any CPU
	EndGlobalSection
	GlobalSection(ProjectConfigurationPlatforms) = postSolution
		{F0B3D116-0B7E-46FD-9BEC-B43D1E1FD6E0}.Debug|Any CPU.ActiveCfg = Debug|Any CPU
		{F0B3D116-0B7E-46FD-9BEC-B43D1E1FD6E0}.Debug|Any CPU.Build.0 = Debug|Any CPU
		{F0B3D116-0B7E-46FD-9BEC-B43D1E1FD6E0}.Release|Any CPU.ActiveCfg = Release|Any CPU
		{F0B3D116-0B7E-46FD-9BEC-B43D1E1FD6E0}.Release|Any CPU.Build.0 = Release|Any CPU
	EndGlobalSection
	GlobalSection(SolutionProperties) = preSolution
		HideSolutionNode = FALSE
	EndGlobalSection
	GlobalSection(ExtensibilityGlobals) = postSolution
		SolutionGuid = {5B8A6509-5088-4BA6-8FAC-AB411E0DD971}
	EndGlobalSection
EndGlobal
